// !$*UTF8*$!
{
	archiveVersion = 1;
	classes = {
	};
	objectVersion = 50;
	objects = {

/* Begin PBXBuildFile section */
		4C1E7CEE24F59038001A7C8E /* AppDelegate.m in Sources */ = {isa = PBXBuildFile; fileRef = 4C1E7CED24F59038001A7C8E /* AppDelegate.m */; };
		4C1E7CF124F59038001A7C8E /* SceneDelegate.m in Sources */ = {isa = PBXBuildFile; fileRef = 4C1E7CF024F59038001A7C8E /* SceneDelegate.m */; };
		4C1E7CF424F59038001A7C8E /* ViewController.m in Sources */ = {isa = PBXBuildFile; fileRef = 4C1E7CF324F59038001A7C8E /* ViewController.m */; };
		4C1E7CF724F59038001A7C8E /* Main.storyboard in Resources */ = {isa = PBXBuildFile; fileRef = 4C1E7CF524F59038001A7C8E /* Main.storyboard */; };
		4C1E7CF924F5903C001A7C8E /* Assets.xcassets in Resources */ = {isa = PBXBuildFile; fileRef = 4C1E7CF824F5903C001A7C8E /* Assets.xcassets */; };
		4C1E7CFC24F5903C001A7C8E /* LaunchScreen.storyboard in Resources */ = {isa = PBXBuildFile; fileRef = 4C1E7CFA24F5903C001A7C8E /* LaunchScreen.storyboard */; };
		4C1E7CFF24F5903C001A7C8E /* main.m in Sources */ = {isa = PBXBuildFile; fileRef = 4C1E7CFE24F5903C001A7C8E /* main.m */; };
		4C1E7D0824F590D8001A7C8E /* PushKit.framework in Frameworks */ = {isa = PBXBuildFile; fileRef = 4C1E7D0724F590D8001A7C8E /* PushKit.framework */; };
		4C1E7D0A24F590DD001A7C8E /* UserNotifications.framework in Frameworks */ = {isa = PBXBuildFile; fileRef = 4C1E7D0924F590DD001A7C8E /* UserNotifications.framework */; };
		4C1E7D0C24F590E3001A7C8E /* UIKit.framework in Frameworks */ = {isa = PBXBuildFile; fileRef = 4C1E7D0B24F590E3001A7C8E /* UIKit.framework */; };
		4C1E7D0E24F590EC001A7C8E /* SystemConfiguration.framework in Frameworks */ = {isa = PBXBuildFile; fileRef = 4C1E7D0D24F590EC001A7C8E /* SystemConfiguration.framework */; };
		4C1E7D1024F592A1001A7C8E /* CallKit.framework in Frameworks */ = {isa = PBXBuildFile; fileRef = 4C1E7D0F24F592A1001A7C8E /* CallKit.framework */; };
/* End PBXBuildFile section */

/* Begin PBXFileReference section */
		4C1E7CE924F59038001A7C8E /* SampleVOIPApp.app */ = {isa = PBXFileReference; explicitFileType = wrapper.application; includeInIndex = 0; path = SampleVOIPApp.app; sourceTree = BUILT_PRODUCTS_DIR; };
		4C1E7CEC24F59038001A7C8E /* AppDelegate.h */ = {isa = PBXFileReference; lastKnownFileType = sourcecode.c.h; path = AppDelegate.h; sourceTree = "<group>"; };
		4C1E7CED24F59038001A7C8E /* AppDelegate.m */ = {isa = PBXFileReference; lastKnownFileType = sourcecode.c.objc; path = AppDelegate.m; sourceTree = "<group>"; };
		4C1E7CEF24F59038001A7C8E /* SceneDelegate.h */ = {isa = PBXFileReference; lastKnownFileType = sourcecode.c.h; path = SceneDelegate.h; sourceTree = "<group>"; };
		4C1E7CF024F59038001A7C8E /* SceneDelegate.m */ = {isa = PBXFileReference; lastKnownFileType = sourcecode.c.objc; path = SceneDelegate.m; sourceTree = "<group>"; };
		4C1E7CF224F59038001A7C8E /* ViewController.h */ = {isa = PBXFileReference; lastKnownFileType = sourcecode.c.h; path = ViewController.h; sourceTree = "<group>"; };
		4C1E7CF324F59038001A7C8E /* ViewController.m */ = {isa = PBXFileReference; lastKnownFileType = sourcecode.c.objc; path = ViewController.m; sourceTree = "<group>"; };
		4C1E7CF624F59038001A7C8E /* Base */ = {isa = PBXFileReference; lastKnownFileType = file.storyboard; name = Base; path = Base.lproj/Main.storyboard; sourceTree = "<group>"; };
		4C1E7CF824F5903C001A7C8E /* Assets.xcassets */ = {isa = PBXFileReference; lastKnownFileType = folder.assetcatalog; path = Assets.xcassets; sourceTree = "<group>"; };
		4C1E7CFB24F5903C001A7C8E /* Base */ = {isa = PBXFileReference; lastKnownFileType = file.storyboard; name = Base; path = Base.lproj/LaunchScreen.storyboard; sourceTree = "<group>"; };
		4C1E7CFD24F5903C001A7C8E /* Info.plist */ = {isa = PBXFileReference; lastKnownFileType = text.plist.xml; path = Info.plist; sourceTree = "<group>"; };
		4C1E7CFE24F5903C001A7C8E /* main.m */ = {isa = PBXFileReference; lastKnownFileType = sourcecode.c.objc; path = main.m; sourceTree = "<group>"; };
		4C1E7D0524F59052001A7C8E /* SampleVOIPApp.entitlements */ = {isa = PBXFileReference; lastKnownFileType = text.plist.entitlements; path = SampleVOIPApp.entitlements; sourceTree = "<group>"; };
		4C1E7D0724F590D8001A7C8E /* PushKit.framework */ = {isa = PBXFileReference; lastKnownFileType = wrapper.framework; name = PushKit.framework; path = System/Library/Frameworks/PushKit.framework; sourceTree = SDKROOT; };
		4C1E7D0924F590DD001A7C8E /* UserNotifications.framework */ = {isa = PBXFileReference; lastKnownFileType = wrapper.framework; name = UserNotifications.framework; path = System/Library/Frameworks/UserNotifications.framework; sourceTree = SDKROOT; };
		4C1E7D0B24F590E3001A7C8E /* UIKit.framework */ = {isa = PBXFileReference; lastKnownFileType = wrapper.framework; name = UIKit.framework; path = System/Library/Frameworks/UIKit.framework; sourceTree = SDKROOT; };
		4C1E7D0D24F590EC001A7C8E /* SystemConfiguration.framework */ = {isa = PBXFileReference; lastKnownFileType = wrapper.framework; name = SystemConfiguration.framework; path = System/Library/Frameworks/SystemConfiguration.framework; sourceTree = SDKROOT; };
		4C1E7D0F24F592A1001A7C8E /* CallKit.framework */ = {isa = PBXFileReference; lastKnownFileType = wrapper.framework; name = CallKit.framework; path = System/Library/Frameworks/CallKit.framework; sourceTree = SDKROOT; };
/* End PBXFileReference section */

/* Begin PBXFrameworksBuildPhase section */
		4C1E7CE624F59038001A7C8E /* Frameworks */ = {
			isa = PBXFrameworksBuildPhase;
			buildActionMask = 2147483647;
			files = (
				4C1E7D1024F592A1001A7C8E /* CallKit.framework in Frameworks */,
				4C1E7D0E24F590EC001A7C8E /* SystemConfiguration.framework in Frameworks */,
				4C1E7D0C24F590E3001A7C8E /* UIKit.framework in Frameworks */,
				4C1E7D0A24F590DD001A7C8E /* UserNotifications.framework in Frameworks */,
				4C1E7D0824F590D8001A7C8E /* PushKit.framework in Frameworks */,
			);
			runOnlyForDeploymentPostprocessing = 0;
		};
/* End PBXFrameworksBuildPhase section */

/* Begin PBXGroup section */
		4C1E7CE024F59038001A7C8E = {
			isa = PBXGroup;
			children = (
				4C1E7CEB24F59038001A7C8E /* SampleVOIPApp */,
				4C1E7CEA24F59038001A7C8E /* Products */,
				4C1E7D0624F590D7001A7C8E /* Frameworks */,
			);
			sourceTree = "<group>";
		};
		4C1E7CEA24F59038001A7C8E /* Products */ = {
			isa = PBXGroup;
			children = (
				4C1E7CE924F59038001A7C8E /* SampleVOIPApp.app */,
			);
			name = Products;
			sourceTree = "<group>";
		};
		4C1E7CEB24F59038001A7C8E /* SampleVOIPApp */ = {
			isa = PBXGroup;
			children = (
				4C1E7D0524F59052001A7C8E /* SampleVOIPApp.entitlements */,
				4C1E7CEC24F59038001A7C8E /* AppDelegate.h */,
				4C1E7CED24F59038001A7C8E /* AppDelegate.m */,
				4C1E7CEF24F59038001A7C8E /* SceneDelegate.h */,
				4C1E7CF024F59038001A7C8E /* SceneDelegate.m */,
				4C1E7CF224F59038001A7C8E /* ViewController.h */,
				4C1E7CF324F59038001A7C8E /* ViewController.m */,
				4C1E7CF524F59038001A7C8E /* Main.storyboard */,
				4C1E7CF824F5903C001A7C8E /* Assets.xcassets */,
				4C1E7CFA24F5903C001A7C8E /* LaunchScreen.storyboard */,
				4C1E7CFD24F5903C001A7C8E /* Info.plist */,
				4C1E7CFE24F5903C001A7C8E /* main.m */,
			);
			path = SampleVOIPApp;
			sourceTree = "<group>";
		};
		4C1E7D0624F590D7001A7C8E /* Frameworks */ = {
			isa = PBXGroup;
			children = (
				4C1E7D0F24F592A1001A7C8E /* CallKit.framework */,
				4C1E7D0D24F590EC001A7C8E /* SystemConfiguration.framework */,
				4C1E7D0B24F590E3001A7C8E /* UIKit.framework */,
				4C1E7D0924F590DD001A7C8E /* UserNotifications.framework */,
				4C1E7D0724F590D8001A7C8E /* PushKit.framework */,
			);
			name = Frameworks;
			sourceTree = "<group>";
		};
/* End PBXGroup section */

/* Begin PBXNativeTarget section */
		4C1E7CE824F59038001A7C8E /* SampleVOIPApp */ = {
			isa = PBXNativeTarget;
			buildConfigurationList = 4C1E7D0224F5903C001A7C8E /* Build configuration list for PBXNativeTarget "SampleVOIPApp" */;
			buildPhases = (
				4C1E7CE524F59038001A7C8E /* Sources */,
				4C1E7CE624F59038001A7C8E /* Frameworks */,
				4C1E7CE724F59038001A7C8E /* Resources */,
			);
			buildRules = (
			);
			dependencies = (
			);
			name = SampleVOIPApp;
			productName = VOIPTester;
			productReference = 4C1E7CE924F59038001A7C8E /* SampleVOIPApp.app */;
			productType = "com.apple.product-type.application";
		};
/* End PBXNativeTarget section */

/* Begin PBXProject section */
		4C1E7CE124F59038001A7C8E /* Project object */ = {
			isa = PBXProject;
			attributes = {
				LastUpgradeCheck = 1200;
				ORGANIZATIONNAME = Microsoft;
				TargetAttributes = {
					4C1E7CE824F59038001A7C8E = {
						CreatedOnToolsVersion = 11.6;
					};
				};
			};
			buildConfigurationList = 4C1E7CE424F59038001A7C8E /* Build configuration list for PBXProject "SampleVOIPApp" */;
			compatibilityVersion = "Xcode 9.3";
			developmentRegion = en;
			hasScannedForEncodings = 0;
			knownRegions = (
				en,
				Base,
			);
			mainGroup = 4C1E7CE024F59038001A7C8E;
			productRefGroup = 4C1E7CEA24F59038001A7C8E /* Products */;
			projectDirPath = "";
			projectRoot = "";
			targets = (
				4C1E7CE824F59038001A7C8E /* SampleVOIPApp */,
			);
		};
/* End PBXProject section */

/* Begin PBXResourcesBuildPhase section */
		4C1E7CE724F59038001A7C8E /* Resources */ = {
			isa = PBXResourcesBuildPhase;
			buildActionMask = 2147483647;
			files = (
				4C1E7CFC24F5903C001A7C8E /* LaunchScreen.storyboard in Resources */,
				4C1E7CF924F5903C001A7C8E /* Assets.xcassets in Resources */,
				4C1E7CF724F59038001A7C8E /* Main.storyboard in Resources */,
			);
			runOnlyForDeploymentPostprocessing = 0;
		};
/* End PBXResourcesBuildPhase section */

/* Begin PBXSourcesBuildPhase section */
		4C1E7CE524F59038001A7C8E /* Sources */ = {
			isa = PBXSourcesBuildPhase;
			buildActionMask = 2147483647;
			files = (
				4C1E7CF424F59038001A7C8E /* ViewController.m in Sources */,
				4C1E7CEE24F59038001A7C8E /* AppDelegate.m in Sources */,
				4C1E7CFF24F5903C001A7C8E /* main.m in Sources */,
				4C1E7CF124F59038001A7C8E /* SceneDelegate.m in Sources */,
			);
			runOnlyForDeploymentPostprocessing = 0;
		};
/* End PBXSourcesBuildPhase section */

/* Begin PBXVariantGroup section */
		4C1E7CF524F59038001A7C8E /* Main.storyboard */ = {
			isa = PBXVariantGroup;
			children = (
				4C1E7CF624F59038001A7C8E /* Base */,
			);
			name = Main.storyboard;
			sourceTree = "<group>";
		};
		4C1E7CFA24F5903C001A7C8E /* LaunchScreen.storyboard */ = {
			isa = PBXVariantGroup;
			children = (
				4C1E7CFB24F5903C001A7C8E /* Base */,
			);
			name = LaunchScreen.storyboard;
			sourceTree = "<group>";
		};
/* End PBXVariantGroup section */

/* Begin XCBuildConfiguration section */
		4C1E7D0024F5903C001A7C8E /* Debug */ = {
			isa = XCBuildConfiguration;
			buildSettings = {
				ALWAYS_SEARCH_USER_PATHS = NO;
				CLANG_ANALYZER_NONNULL = YES;
				CLANG_ANALYZER_NUMBER_OBJECT_CONVERSION = YES_AGGRESSIVE;
				CLANG_CXX_LANGUAGE_STANDARD = "gnu++14";
				CLANG_CXX_LIBRARY = "libc++";
				CLANG_ENABLE_MODULES = YES;
				CLANG_ENABLE_OBJC_ARC = YES;
				CLANG_ENABLE_OBJC_WEAK = YES;
				CLANG_WARN_BLOCK_CAPTURE_AUTORELEASING = YES;
				CLANG_WARN_BOOL_CONVERSION = YES;
				CLANG_WARN_COMMA = YES;
				CLANG_WARN_CONSTANT_CONVERSION = YES;
				CLANG_WARN_DEPRECATED_OBJC_IMPLEMENTATIONS = YES;
				CLANG_WARN_DIRECT_OBJC_ISA_USAGE = YES_ERROR;
				CLANG_WARN_DOCUMENTATION_COMMENTS = YES;
				CLANG_WARN_EMPTY_BODY = YES;
				CLANG_WARN_ENUM_CONVERSION = YES;
				CLANG_WARN_INFINITE_RECURSION = YES;
				CLANG_WARN_INT_CONVERSION = YES;
				CLANG_WARN_NON_LITERAL_NULL_CONVERSION = YES;
				CLANG_WARN_OBJC_IMPLICIT_RETAIN_SELF = YES;
				CLANG_WARN_OBJC_LITERAL_CONVERSION = YES;
				CLANG_WARN_OBJC_ROOT_CLASS = YES_ERROR;
				CLANG_WARN_QUOTED_INCLUDE_IN_FRAMEWORK_HEADER = YES;
				CLANG_WARN_RANGE_LOOP_ANALYSIS = YES;
				CLANG_WARN_STRICT_PROTOTYPES = YES;
				CLANG_WARN_SUSPICIOUS_MOVE = YES;
				CLANG_WARN_UNGUARDED_AVAILABILITY = YES_AGGRESSIVE;
				CLANG_WARN_UNREACHABLE_CODE = YES;
				CLANG_WARN__DUPLICATE_METHOD_MATCH = YES;
				COPY_PHASE_STRIP = NO;
				DEBUG_INFORMATION_FORMAT = dwarf;
				ENABLE_STRICT_OBJC_MSGSEND = YES;
				ENABLE_TESTABILITY = YES;
				GCC_C_LANGUAGE_STANDARD = gnu11;
				GCC_DYNAMIC_NO_PIC = NO;
				GCC_NO_COMMON_BLOCKS = YES;
				GCC_OPTIMIZATION_LEVEL = 0;
				GCC_PREPROCESSOR_DEFINITIONS = (
					"DEBUG=1",
					"$(inherited)",
				);
				GCC_WARN_64_TO_32_BIT_CONVERSION = YES;
				GCC_WARN_ABOUT_RETURN_TYPE = YES_ERROR;
				GCC_WARN_UNDECLARED_SELECTOR = YES;
				GCC_WARN_UNINITIALIZED_AUTOS = YES_AGGRESSIVE;
				GCC_WARN_UNUSED_FUNCTION = YES;
				GCC_WARN_UNUSED_VARIABLE = YES;
				IPHONEOS_DEPLOYMENT_TARGET = 13.6;
				MTL_ENABLE_DEBUG_INFO = INCLUDE_SOURCE;
				MTL_FAST_MATH = YES;
				ONLY_ACTIVE_ARCH = YES;
				SDKROOT = iphoneos;
			};
			name = Debug;
		};
		4C1E7D0124F5903C001A7C8E /* Release */ = {
			isa = XCBuildConfiguration;
			buildSettings = {
				ALWAYS_SEARCH_USER_PATHS = NO;
				CLANG_ANALYZER_NONNULL = YES;
				CLANG_ANALYZER_NUMBER_OBJECT_CONVERSION = YES_AGGRESSIVE;
				CLANG_CXX_LANGUAGE_STANDARD = "gnu++14";
				CLANG_CXX_LIBRARY = "libc++";
				CLANG_ENABLE_MODULES = YES;
				CLANG_ENABLE_OBJC_ARC = YES;
				CLANG_ENABLE_OBJC_WEAK = YES;
				CLANG_WARN_BLOCK_CAPTURE_AUTORELEASING = YES;
				CLANG_WARN_BOOL_CONVERSION = YES;
				CLANG_WARN_COMMA = YES;
				CLANG_WARN_CONSTANT_CONVERSION = YES;
				CLANG_WARN_DEPRECATED_OBJC_IMPLEMENTATIONS = YES;
				CLANG_WARN_DIRECT_OBJC_ISA_USAGE = YES_ERROR;
				CLANG_WARN_DOCUMENTATION_COMMENTS = YES;
				CLANG_WARN_EMPTY_BODY = YES;
				CLANG_WARN_ENUM_CONVERSION = YES;
				CLANG_WARN_INFINITE_RECURSION = YES;
				CLANG_WARN_INT_CONVERSION = YES;
				CLANG_WARN_NON_LITERAL_NULL_CONVERSION = YES;
				CLANG_WARN_OBJC_IMPLICIT_RETAIN_SELF = YES;
				CLANG_WARN_OBJC_LITERAL_CONVERSION = YES;
				CLANG_WARN_OBJC_ROOT_CLASS = YES_ERROR;
				CLANG_WARN_QUOTED_INCLUDE_IN_FRAMEWORK_HEADER = YES;
				CLANG_WARN_RANGE_LOOP_ANALYSIS = YES;
				CLANG_WARN_STRICT_PROTOTYPES = YES;
				CLANG_WARN_SUSPICIOUS_MOVE = YES;
				CLANG_WARN_UNGUARDED_AVAILABILITY = YES_AGGRESSIVE;
				CLANG_WARN_UNREACHABLE_CODE = YES;
				CLANG_WARN__DUPLICATE_METHOD_MATCH = YES;
				COPY_PHASE_STRIP = NO;
				DEBUG_INFORMATION_FORMAT = "dwarf-with-dsym";
				ENABLE_NS_ASSERTIONS = NO;
				ENABLE_STRICT_OBJC_MSGSEND = YES;
				GCC_C_LANGUAGE_STANDARD = gnu11;
				GCC_NO_COMMON_BLOCKS = YES;
				GCC_WARN_64_TO_32_BIT_CONVERSION = YES;
				GCC_WARN_ABOUT_RETURN_TYPE = YES_ERROR;
				GCC_WARN_UNDECLARED_SELECTOR = YES;
				GCC_WARN_UNINITIALIZED_AUTOS = YES_AGGRESSIVE;
				GCC_WARN_UNUSED_FUNCTION = YES;
				GCC_WARN_UNUSED_VARIABLE = YES;
				IPHONEOS_DEPLOYMENT_TARGET = 13.6;
				MTL_ENABLE_DEBUG_INFO = NO;
				MTL_FAST_MATH = YES;
				SDKROOT = iphoneos;
				VALIDATE_PRODUCT = YES;
			};
			name = Release;
		};
		4C1E7D0324F5903C001A7C8E /* Debug */ = {
			isa = XCBuildConfiguration;
			buildSettings = {
				ASSETCATALOG_COMPILER_APPICON_NAME = AppIcon;
				CODE_SIGN_ENTITLEMENTS = SampleVOIPApp/SampleVOIPApp.entitlements;
				CODE_SIGN_STYLE = Automatic;
				DEVELOPMENT_TEAM = S4V3D7CHJR;
				INFOPLIST_FILE = SampleVOIPApp/Info.plist;
				LD_RUNPATH_SEARCH_PATHS = (
					"$(inherited)",
					"@executable_path/Frameworks",
				);
				PRODUCT_BUNDLE_IDENTIFIER = com.microsoft.SampleVOIPApp;
				PRODUCT_NAME = "$(TARGET_NAME)";
				TARGETED_DEVICE_FAMILY = "1,2";
			};
			name = Debug;
		};
		4C1E7D0424F5903C001A7C8E /* Release */ = {
			isa = XCBuildConfiguration;
			buildSettings = {
				ASSETCATALOG_COMPILER_APPICON_NAME = AppIcon;
				CODE_SIGN_ENTITLEMENTS = SampleVOIPApp/SampleVOIPApp.entitlements;
				CODE_SIGN_STYLE = Automatic;
				DEVELOPMENT_TEAM = S4V3D7CHJR;
				INFOPLIST_FILE = SampleVOIPApp/Info.plist;
				LD_RUNPATH_SEARCH_PATHS = (
					"$(inherited)",
					"@executable_path/Frameworks",
				);
				PRODUCT_BUNDLE_IDENTIFIER = com.microsoft.SampleVOIPApp;
				PRODUCT_NAME = "$(TARGET_NAME)";
				TARGETED_DEVICE_FAMILY = "1,2";
			};
			name = Release;
		};
/* End XCBuildConfiguration section */

/* Begin XCConfigurationList section */
		4C1E7CE424F59038001A7C8E /* Build configuration list for PBXProject "SampleVOIPApp" */ = {
			isa = XCConfigurationList;
			buildConfigurations = (
				4C1E7D0024F5903C001A7C8E /* Debug */,
				4C1E7D0124F5903C001A7C8E /* Release */,
			);
			defaultConfigurationIsVisible = 0;
			defaultConfigurationName = Release;
		};
		4C1E7D0224F5903C001A7C8E /* Build configuration list for PBXNativeTarget "SampleVOIPApp" */ = {
			isa = XCConfigurationList;
			buildConfigurations = (
				4C1E7D0324F5903C001A7C8E /* Debug */,
				4C1E7D0424F5903C001A7C8E /* Release */,
			);
			defaultConfigurationIsVisible = 0;
			defaultConfigurationName = Release;
		};
/* End XCConfigurationList section */
	};
	rootObject = 4C1E7CE124F59038001A7C8E /* Project object */;
}
