// !$*UTF8*$!
{
	archiveVersion = 1;
	classes = {
	};
	objectVersion = 46;
	objects = {

/* Begin PBXAggregateTarget section */
		906E406D16A8851E00817A11 /* Framework */ = {
			isa = PBXAggregateTarget;
			buildConfigurationList = 906E406E16A8851E00817A11 /* Build configuration list for PBXAggregateTarget "Framework" */;
			buildPhases = (
				906E407316A8853F00817A11 /* Build other platforms */,
			);
			dependencies = (
				906E407216A8853000817A11 /* PBXTargetDependency */,
			);
			name = Framework;
			productName = Framework;
		};
/* End PBXAggregateTarget section */

/* Begin PBXBuildFile section */
		35B4DC0422268D6700EAC781 /* Foundation.framework in Frameworks */ = {isa = PBXBuildFile; fileRef = 906E403B16A86A3200817A11 /* Foundation.framework */; };
		4C8546ED244F5D48005F6B49 /* WindowsAzureMessagingTests.m in Sources */ = {isa = PBXBuildFile; fileRef = 4C8546EC244F5D48005F6B49 /* WindowsAzureMessagingTests.m */; };
		4C854706244FD64C005F6B49 /* MSNotificationHub.m in Sources */ = {isa = PBXBuildFile; fileRef = 4C854705244FD64C005F6B49 /* MSNotificationHub.m */; };
		4C854707244FD64C005F6B49 /* MSNotificationHub.m in Sources */ = {isa = PBXBuildFile; fileRef = 4C854705244FD64C005F6B49 /* MSNotificationHub.m */; };
		64B3E0002451A86C006B6327 /* MSInstallation.h in Headers */ = {isa = PBXBuildFile; fileRef = 4C8546FC244F8F49005F6B49 /* MSInstallation.h */; settings = {ATTRIBUTES = (Public, ); }; };
		64B3E0012451A86C006B6327 /* MSInstallationTemplate.h in Headers */ = {isa = PBXBuildFile; fileRef = 4C8546FD244F8FB4005F6B49 /* MSInstallationTemplate.h */; settings = {ATTRIBUTES = (Public, ); }; };
		64B3E0022451A86C006B6327 /* MSNotificationHubMessage.h in Headers */ = {isa = PBXBuildFile; fileRef = 4C8546FE244F9075005F6B49 /* MSNotificationHubMessage.h */; settings = {ATTRIBUTES = (Public, ); }; };
		64B3E0042451A86C006B6327 /* MSNotificationHub.h in Headers */ = {isa = PBXBuildFile; fileRef = 4C854703244F9347005F6B49 /* MSNotificationHub.h */; settings = {ATTRIBUTES = (Public, ); }; };
		64B3E0052451A86C006B6327 /* MSNotificationHubMessageDelegate.h in Headers */ = {isa = PBXBuildFile; fileRef = 4C854704244F95A7005F6B49 /* MSNotificationHubMessageDelegate.h */; settings = {ATTRIBUTES = (Public, ); }; };
		8471C92B16EABF5600C73674 /* SBLocalStorage.h in Headers */ = {isa = PBXBuildFile; fileRef = 8471C92916EABF5600C73674 /* SBLocalStorage.h */; settings = {ATTRIBUTES = (Public, ); }; };
		8471C92C16EABF5600C73674 /* SBLocalStorage.m in Sources */ = {isa = PBXBuildFile; fileRef = 8471C92A16EABF5600C73674 /* SBLocalStorage.m */; };
		848CB70A16FBE52D00183E8D /* SBTemplateRegistration.h in Headers */ = {isa = PBXBuildFile; fileRef = 848CB70816FBE52D00183E8D /* SBTemplateRegistration.h */; settings = {ATTRIBUTES = (Private, ); }; };
		848CB70B16FBE52D00183E8D /* SBTemplateRegistration.m in Sources */ = {isa = PBXBuildFile; fileRef = 848CB70916FBE52D00183E8D /* SBTemplateRegistration.m */; };
		848CB73C16FCC78E00183E8D /* SBStoredRegistrationEntry.h in Headers */ = {isa = PBXBuildFile; fileRef = 848CB73A16FCC78E00183E8D /* SBStoredRegistrationEntry.h */; settings = {ATTRIBUTES = (Public, ); }; };
		848CB73D16FCC78E00183E8D /* SBStoredRegistrationEntry.m in Sources */ = {isa = PBXBuildFile; fileRef = 848CB73B16FCC78E00183E8D /* SBStoredRegistrationEntry.m */; };
		906E403C16A86A3200817A11 /* Foundation.framework in Frameworks */ = {isa = PBXBuildFile; fileRef = 906E403B16A86A3200817A11 /* Foundation.framework */; };
		906E406216A86E4300817A11 /* WindowsAzureMessaging.h in CopyFiles */ = {isa = PBXBuildFile; fileRef = 906E404016A86A3200817A11 /* WindowsAzureMessaging.h */; };
		929886F01857FAB100C1676C /* SBStaticHandlerResponse.h in Headers */ = {isa = PBXBuildFile; fileRef = 929886EF1857FAB100C1676C /* SBStaticHandlerResponse.h */; };
		92988748185931DE00C1676C /* SBStaticHandlerResponse.m in Sources */ = {isa = PBXBuildFile; fileRef = 92988747185931DE00C1676C /* SBStaticHandlerResponse.m */; };
		A358373916AA3B060041E372 /* SBConnectionString.h in Headers */ = {isa = PBXBuildFile; fileRef = A358371616AA39850041E372 /* SBConnectionString.h */; settings = {ATTRIBUTES = (Public, ); }; };
		A358373A16AA3B080041E372 /* SBNotificationHub.h in Headers */ = {isa = PBXBuildFile; fileRef = A358371816AA39850041E372 /* SBNotificationHub.h */; settings = {ATTRIBUTES = (Public, ); }; };
		A358373C16AA3B0B0041E372 /* SBRegistration.h in Headers */ = {isa = PBXBuildFile; fileRef = A358371C16AA39850041E372 /* SBRegistration.h */; settings = {ATTRIBUTES = (Public, ); }; };
		A358373D16AA3B0D0041E372 /* WindowsAzureMessaging.h in Headers */ = {isa = PBXBuildFile; fileRef = 906E404016A86A3200817A11 /* WindowsAzureMessaging.h */; settings = {ATTRIBUTES = (Public, ); }; };
		A358373E16AA3B120041E372 /* SBNotificationHubHelper.h in Headers */ = {isa = PBXBuildFile; fileRef = A358370E16AA39850041E372 /* SBNotificationHubHelper.h */; settings = {ATTRIBUTES = (Private, ); }; };
		A358373F16AA3B140041E372 /* SBRegistrationParser.h in Headers */ = {isa = PBXBuildFile; fileRef = A358371016AA39850041E372 /* SBRegistrationParser.h */; settings = {ATTRIBUTES = (Private, ); }; };
		A358374016AA3B160041E372 /* SBTokenProvider.h in Headers */ = {isa = PBXBuildFile; fileRef = A358371216AA39850041E372 /* SBTokenProvider.h */; settings = {ATTRIBUTES = (Public, ); }; };
		A358374116AA3B190041E372 /* SBURLConnection.h in Headers */ = {isa = PBXBuildFile; fileRef = A358371416AA39850041E372 /* SBURLConnection.h */; settings = {ATTRIBUTES = (Private, ); }; };
		A358374216AA3B1B0041E372 /* SBNotificationHubHelper.m in Sources */ = {isa = PBXBuildFile; fileRef = A358370F16AA39850041E372 /* SBNotificationHubHelper.m */; };
		A358374316AA3B1D0041E372 /* SBRegistrationParser.m in Sources */ = {isa = PBXBuildFile; fileRef = A358371116AA39850041E372 /* SBRegistrationParser.m */; };
		A358374416AA3B1E0041E372 /* SBTokenProvider.m in Sources */ = {isa = PBXBuildFile; fileRef = A358371316AA39850041E372 /* SBTokenProvider.m */; };
		A358374516AA3B1F0041E372 /* SBURLConnection.m in Sources */ = {isa = PBXBuildFile; fileRef = A358371516AA39850041E372 /* SBURLConnection.m */; };
		A358374616AA3B210041E372 /* SBConnectionString.m in Sources */ = {isa = PBXBuildFile; fileRef = A358371716AA39850041E372 /* SBConnectionString.m */; };
		A358374716AA3B220041E372 /* SBNotificationHub.m in Sources */ = {isa = PBXBuildFile; fileRef = A358371916AA39850041E372 /* SBNotificationHub.m */; };
		A358374916AA3B250041E372 /* SBRegistration.m in Sources */ = {isa = PBXBuildFile; fileRef = A358371D16AA39850041E372 /* SBRegistration.m */; };
		B3D5D16124578FD2002E6938 /* SBRegistration.h in Headers */ = {isa = PBXBuildFile; fileRef = A358371C16AA39850041E372 /* SBRegistration.h */; settings = {ATTRIBUTES = (Public, ); }; };
		B3D5D16224578FD7002E6938 /* SBRegistration.m in Sources */ = {isa = PBXBuildFile; fileRef = A358371D16AA39850041E372 /* SBRegistration.m */; };
		B3D5D16324578FE3002E6938 /* SBConnectionString.h in Headers */ = {isa = PBXBuildFile; fileRef = A358371616AA39850041E372 /* SBConnectionString.h */; settings = {ATTRIBUTES = (Public, ); }; };
		B3D5D16424578FE7002E6938 /* SBConnectionString.m in Sources */ = {isa = PBXBuildFile; fileRef = A358371716AA39850041E372 /* SBConnectionString.m */; };
		B3D5D16524578FEB002E6938 /* SBNotificationHub.h in Headers */ = {isa = PBXBuildFile; fileRef = A358371816AA39850041E372 /* SBNotificationHub.h */; settings = {ATTRIBUTES = (Public, ); }; };
		B3D5D16624578FEF002E6938 /* SBNotificationHub.m in Sources */ = {isa = PBXBuildFile; fileRef = A358371916AA39850041E372 /* SBNotificationHub.m */; };
		B3D5D16724578FF2002E6938 /* WindowsAzureMessaging.h in Headers */ = {isa = PBXBuildFile; fileRef = 906E404016A86A3200817A11 /* WindowsAzureMessaging.h */; settings = {ATTRIBUTES = (Public, ); }; };
		B3D5D1692457900C002E6938 /* SBTemplateRegistration.m in Sources */ = {isa = PBXBuildFile; fileRef = 848CB70916FBE52D00183E8D /* SBTemplateRegistration.m */; };
		B3D5D16A24579011002E6938 /* SBTemplateRegistration.h in Headers */ = {isa = PBXBuildFile; fileRef = 848CB70816FBE52D00183E8D /* SBTemplateRegistration.h */; settings = {ATTRIBUTES = (Private, ); }; };
		B3D5D16B2457901F002E6938 /* SBStoredRegistrationEntry.m in Sources */ = {isa = PBXBuildFile; fileRef = 848CB73B16FCC78E00183E8D /* SBStoredRegistrationEntry.m */; };
		B3D5D16C24579022002E6938 /* SBStoredRegistrationEntry.h in Headers */ = {isa = PBXBuildFile; fileRef = 848CB73A16FCC78E00183E8D /* SBStoredRegistrationEntry.h */; settings = {ATTRIBUTES = (Public, ); }; };
		B3D5D16D2457902A002E6938 /* SBLocalStorage.m in Sources */ = {isa = PBXBuildFile; fileRef = 8471C92A16EABF5600C73674 /* SBLocalStorage.m */; };
		B3D5D16E2457902D002E6938 /* SBLocalStorage.h in Headers */ = {isa = PBXBuildFile; fileRef = 8471C92916EABF5600C73674 /* SBLocalStorage.h */; settings = {ATTRIBUTES = (Public, ); }; };
		B3D5D16F24579032002E6938 /* SBURLConnection.m in Sources */ = {isa = PBXBuildFile; fileRef = A358371516AA39850041E372 /* SBURLConnection.m */; };
		B3D5D17024579035002E6938 /* SBURLConnection.h in Headers */ = {isa = PBXBuildFile; fileRef = A358371416AA39850041E372 /* SBURLConnection.h */; settings = {ATTRIBUTES = (Private, ); }; };
		B3D5D1712457903A002E6938 /* SBTokenProvider.m in Sources */ = {isa = PBXBuildFile; fileRef = A358371316AA39850041E372 /* SBTokenProvider.m */; };
		B3D5D1722457903C002E6938 /* SBTokenProvider.h in Headers */ = {isa = PBXBuildFile; fileRef = A358371216AA39850041E372 /* SBTokenProvider.h */; settings = {ATTRIBUTES = (Public, ); }; };
		B3D5D17324579041002E6938 /* SBRegistrationParser.m in Sources */ = {isa = PBXBuildFile; fileRef = A358371116AA39850041E372 /* SBRegistrationParser.m */; };
		B3D5D17424579044002E6938 /* SBRegistrationParser.h in Headers */ = {isa = PBXBuildFile; fileRef = A358371016AA39850041E372 /* SBRegistrationParser.h */; settings = {ATTRIBUTES = (Private, ); }; };
		B3D5D17524579049002E6938 /* SBNotificationHubHelper.m in Sources */ = {isa = PBXBuildFile; fileRef = A358370F16AA39850041E372 /* SBNotificationHubHelper.m */; };
		B3D5D1762457904C002E6938 /* SBNotificationHubHelper.h in Headers */ = {isa = PBXBuildFile; fileRef = A358370E16AA39850041E372 /* SBNotificationHubHelper.h */; settings = {ATTRIBUTES = (Private, ); }; };
		B3D5D17724579051002E6938 /* SBStaticHandlerResponse.m in Sources */ = {isa = PBXBuildFile; fileRef = 92988747185931DE00C1676C /* SBStaticHandlerResponse.m */; };
		B3D5D17824579053002E6938 /* SBStaticHandlerResponse.h in Headers */ = {isa = PBXBuildFile; fileRef = 929886EF1857FAB100C1676C /* SBStaticHandlerResponse.h */; };
		B3D5D17E2457916D002E6938 /* TestHelper.m in Sources */ = {isa = PBXBuildFile; fileRef = B3D5D17B2457916D002E6938 /* TestHelper.m */; };
/* End PBXBuildFile section */

/* Begin PBXContainerItemProxy section */
		906E407116A8853000817A11 /* PBXContainerItemProxy */ = {
			isa = PBXContainerItemProxy;
			containerPortal = 906E402F16A86A3200817A11 /* Project object */;
			proxyType = 1;
			remoteGlobalIDString = 906E403716A86A3200817A11;
			remoteInfo = WindowsAzureMessaging;
		};
		B3E112D52457944100FA088F /* PBXContainerItemProxy */ = {
			isa = PBXContainerItemProxy;
			containerPortal = 906E402F16A86A3200817A11 /* Project object */;
			proxyType = 1;
			remoteGlobalIDString = 35B4DBCA22268CB900EAC781;
			remoteInfo = WindowsAzureMessaging;
		};
/* End PBXContainerItemProxy section */

/* Begin PBXCopyFilesBuildPhase section */
		906E403616A86A3200817A11 /* CopyFiles */ = {
			isa = PBXCopyFilesBuildPhase;
			buildActionMask = 2147483647;
			dstPath = "include/${PRODUCT_NAME}";
			dstSubfolderSpec = 16;
			files = (
				906E406216A86E4300817A11 /* WindowsAzureMessaging.h in CopyFiles */,
			);
			runOnlyForDeploymentPostprocessing = 0;
		};
/* End PBXCopyFilesBuildPhase section */

/* Begin PBXFileReference section */
		35B4DBCB22268CB900EAC781 /* WindowsAzureMessaging.framework */ = {isa = PBXFileReference; explicitFileType = wrapper.framework; includeInIndex = 0; path = WindowsAzureMessaging.framework; sourceTree = BUILT_PRODUCTS_DIR; };
		4C8546EA244F5D48005F6B49 /* WindowsAzureMessagingTests.xctest */ = {isa = PBXFileReference; explicitFileType = wrapper.cfbundle; includeInIndex = 0; path = WindowsAzureMessagingTests.xctest; sourceTree = BUILT_PRODUCTS_DIR; };
		4C8546EC244F5D48005F6B49 /* WindowsAzureMessagingTests.m */ = {isa = PBXFileReference; lastKnownFileType = sourcecode.c.objc; path = WindowsAzureMessagingTests.m; sourceTree = "<group>"; };
		4C8546EE244F5D48005F6B49 /* Info.plist */ = {isa = PBXFileReference; lastKnownFileType = text.plist.xml; path = Info.plist; sourceTree = "<group>"; };
		4C8546FC244F8F49005F6B49 /* MSInstallation.h */ = {isa = PBXFileReference; lastKnownFileType = sourcecode.c.h; path = MSInstallation.h; sourceTree = "<group>"; };
		4C8546FD244F8FB4005F6B49 /* MSInstallationTemplate.h */ = {isa = PBXFileReference; lastKnownFileType = sourcecode.c.h; path = MSInstallationTemplate.h; sourceTree = "<group>"; };
		4C8546FE244F9075005F6B49 /* MSNotificationHubMessage.h */ = {isa = PBXFileReference; lastKnownFileType = sourcecode.c.h; path = MSNotificationHubMessage.h; sourceTree = "<group>"; };
		4C854703244F9347005F6B49 /* MSNotificationHub.h */ = {isa = PBXFileReference; lastKnownFileType = sourcecode.c.h; path = MSNotificationHub.h; sourceTree = "<group>"; };
		4C854704244F95A7005F6B49 /* MSNotificationHubMessageDelegate.h */ = {isa = PBXFileReference; lastKnownFileType = sourcecode.c.h; path = MSNotificationHubMessageDelegate.h; sourceTree = "<group>"; };
		4C854705244FD64C005F6B49 /* MSNotificationHub.m */ = {isa = PBXFileReference; lastKnownFileType = sourcecode.c.objc; path = MSNotificationHub.m; sourceTree = "<group>"; };
		8471C92916EABF5600C73674 /* SBLocalStorage.h */ = {isa = PBXFileReference; fileEncoding = 4; lastKnownFileType = sourcecode.c.h; path = SBLocalStorage.h; sourceTree = "<group>"; };
		8471C92A16EABF5600C73674 /* SBLocalStorage.m */ = {isa = PBXFileReference; fileEncoding = 4; lastKnownFileType = sourcecode.c.objc; path = SBLocalStorage.m; sourceTree = "<group>"; };
		848CB70816FBE52D00183E8D /* SBTemplateRegistration.h */ = {isa = PBXFileReference; fileEncoding = 4; lastKnownFileType = sourcecode.c.h; name = SBTemplateRegistration.h; path = ../SBTemplateRegistration.h; sourceTree = "<group>"; };
		848CB70916FBE52D00183E8D /* SBTemplateRegistration.m */ = {isa = PBXFileReference; fileEncoding = 4; lastKnownFileType = sourcecode.c.objc; name = SBTemplateRegistration.m; path = ../SBTemplateRegistration.m; sourceTree = "<group>"; };
		848CB73A16FCC78E00183E8D /* SBStoredRegistrationEntry.h */ = {isa = PBXFileReference; fileEncoding = 4; lastKnownFileType = sourcecode.c.h; path = SBStoredRegistrationEntry.h; sourceTree = "<group>"; };
		848CB73B16FCC78E00183E8D /* SBStoredRegistrationEntry.m */ = {isa = PBXFileReference; fileEncoding = 4; lastKnownFileType = sourcecode.c.objc; path = SBStoredRegistrationEntry.m; sourceTree = "<group>"; };
		906E403816A86A3200817A11 /* libWindowsAzureMessaging.a */ = {isa = PBXFileReference; explicitFileType = archive.ar; includeInIndex = 0; path = libWindowsAzureMessaging.a; sourceTree = BUILT_PRODUCTS_DIR; };
		906E403B16A86A3200817A11 /* Foundation.framework */ = {isa = PBXFileReference; lastKnownFileType = wrapper.framework; name = Foundation.framework; path = System/Library/Frameworks/Foundation.framework; sourceTree = SDKROOT; };
		906E403F16A86A3200817A11 /* WindowsAzureMessaging-Prefix.pch */ = {isa = PBXFileReference; lastKnownFileType = sourcecode.c.h; path = "WindowsAzureMessaging-Prefix.pch"; sourceTree = "<group>"; };
		906E404016A86A3200817A11 /* WindowsAzureMessaging.h */ = {isa = PBXFileReference; lastKnownFileType = sourcecode.c.h; path = WindowsAzureMessaging.h; sourceTree = "<group>"; };
		929886EF1857FAB100C1676C /* SBStaticHandlerResponse.h */ = {isa = PBXFileReference; fileEncoding = 4; lastKnownFileType = sourcecode.c.h; path = SBStaticHandlerResponse.h; sourceTree = "<group>"; };
		92988747185931DE00C1676C /* SBStaticHandlerResponse.m */ = {isa = PBXFileReference; fileEncoding = 4; lastKnownFileType = sourcecode.c.objc; path = SBStaticHandlerResponse.m; sourceTree = "<group>"; };
		A358370E16AA39850041E372 /* SBNotificationHubHelper.h */ = {isa = PBXFileReference; fileEncoding = 4; lastKnownFileType = sourcecode.c.h; path = SBNotificationHubHelper.h; sourceTree = "<group>"; };
		A358370F16AA39850041E372 /* SBNotificationHubHelper.m */ = {isa = PBXFileReference; fileEncoding = 4; lastKnownFileType = sourcecode.c.objc; path = SBNotificationHubHelper.m; sourceTree = "<group>"; };
		A358371016AA39850041E372 /* SBRegistrationParser.h */ = {isa = PBXFileReference; fileEncoding = 4; lastKnownFileType = sourcecode.c.h; path = SBRegistrationParser.h; sourceTree = "<group>"; };
		A358371116AA39850041E372 /* SBRegistrationParser.m */ = {isa = PBXFileReference; fileEncoding = 4; lastKnownFileType = sourcecode.c.objc; path = SBRegistrationParser.m; sourceTree = "<group>"; };
		A358371216AA39850041E372 /* SBTokenProvider.h */ = {isa = PBXFileReference; fileEncoding = 4; lastKnownFileType = sourcecode.c.h; path = SBTokenProvider.h; sourceTree = "<group>"; };
		A358371316AA39850041E372 /* SBTokenProvider.m */ = {isa = PBXFileReference; fileEncoding = 4; lastKnownFileType = sourcecode.c.objc; path = SBTokenProvider.m; sourceTree = "<group>"; };
		A358371416AA39850041E372 /* SBURLConnection.h */ = {isa = PBXFileReference; fileEncoding = 4; lastKnownFileType = sourcecode.c.h; path = SBURLConnection.h; sourceTree = "<group>"; };
		A358371516AA39850041E372 /* SBURLConnection.m */ = {isa = PBXFileReference; fileEncoding = 4; lastKnownFileType = sourcecode.c.objc; path = SBURLConnection.m; sourceTree = "<group>"; };
		A358371616AA39850041E372 /* SBConnectionString.h */ = {isa = PBXFileReference; fileEncoding = 4; lastKnownFileType = sourcecode.c.h; path = SBConnectionString.h; sourceTree = "<group>"; };
		A358371716AA39850041E372 /* SBConnectionString.m */ = {isa = PBXFileReference; fileEncoding = 4; lastKnownFileType = sourcecode.c.objc; path = SBConnectionString.m; sourceTree = "<group>"; };
		A358371816AA39850041E372 /* SBNotificationHub.h */ = {isa = PBXFileReference; fileEncoding = 4; lastKnownFileType = sourcecode.c.h; path = SBNotificationHub.h; sourceTree = "<group>"; };
		A358371916AA39850041E372 /* SBNotificationHub.m */ = {isa = PBXFileReference; fileEncoding = 4; lastKnownFileType = sourcecode.c.objc; path = SBNotificationHub.m; sourceTree = "<group>"; };
		A358371C16AA39850041E372 /* SBRegistration.h */ = {isa = PBXFileReference; fileEncoding = 4; lastKnownFileType = sourcecode.c.h; name = SBRegistration.h; path = ../SBRegistration.h; sourceTree = "<group>"; };
		A358371D16AA39850041E372 /* SBRegistration.m */ = {isa = PBXFileReference; fileEncoding = 4; lastKnownFileType = sourcecode.c.objc; name = SBRegistration.m; path = ../SBRegistration.m; sourceTree = "<group>"; };
		B3D5D17A2457916D002E6938 /* TestHelper.h */ = {isa = PBXFileReference; fileEncoding = 4; lastKnownFileType = sourcecode.c.h; path = TestHelper.h; sourceTree = "<group>"; };
		B3D5D17B2457916D002E6938 /* TestHelper.m */ = {isa = PBXFileReference; fileEncoding = 4; lastKnownFileType = sourcecode.c.objc; path = TestHelper.m; sourceTree = "<group>"; };
/* End PBXFileReference section */

/* Begin PBXFrameworksBuildPhase section */
		35B4DBC822268CB900EAC781 /* Frameworks */ = {
			isa = PBXFrameworksBuildPhase;
			buildActionMask = 2147483647;
			files = (
				35B4DC0422268D6700EAC781 /* Foundation.framework in Frameworks */,
			);
			runOnlyForDeploymentPostprocessing = 0;
		};
		4C8546E7244F5D48005F6B49 /* Frameworks */ = {
			isa = PBXFrameworksBuildPhase;
			buildActionMask = 2147483647;
			files = (
			);
			runOnlyForDeploymentPostprocessing = 0;
		};
		906E403516A86A3200817A11 /* Frameworks */ = {
			isa = PBXFrameworksBuildPhase;
			buildActionMask = 2147483647;
			files = (
				906E403C16A86A3200817A11 /* Foundation.framework in Frameworks */,
			);
			runOnlyForDeploymentPostprocessing = 0;
		};
/* End PBXFrameworksBuildPhase section */

/* Begin PBXGroup section */
		4C8546EB244F5D48005F6B49 /* WindowsAzureMessagingTests */ = {
			isa = PBXGroup;
			children = (
				B3D5D17924579146002E6938 /* Utils */,
				4C8546EC244F5D48005F6B49 /* WindowsAzureMessagingTests.m */,
				4C8546EE244F5D48005F6B49 /* Info.plist */,
			);
			path = WindowsAzureMessagingTests;
			sourceTree = "<group>";
		};
		4C8546F7244F8DE9005F6B49 /* Models */ = {
			isa = PBXGroup;
			children = (
				4C8546FC244F8F49005F6B49 /* MSInstallation.h */,
				4C8546FD244F8FB4005F6B49 /* MSInstallationTemplate.h */,
				4C8546FE244F9075005F6B49 /* MSNotificationHubMessage.h */,
			);
			path = Models;
			sourceTree = "<group>";
		};
		906E402D16A86A3200817A11 = {
			isa = PBXGroup;
			children = (
				906E403D16A86A3200817A11 /* WindowsAzureMessaging */,
				4C8546EB244F5D48005F6B49 /* WindowsAzureMessagingTests */,
				906E403A16A86A3200817A11 /* Frameworks */,
				906E403916A86A3200817A11 /* Products */,
			);
			sourceTree = "<group>";
		};
		906E403916A86A3200817A11 /* Products */ = {
			isa = PBXGroup;
			children = (
				906E403816A86A3200817A11 /* libWindowsAzureMessaging.a */,
				35B4DBCB22268CB900EAC781 /* WindowsAzureMessaging.framework */,
				4C8546EA244F5D48005F6B49 /* WindowsAzureMessagingTests.xctest */,
			);
			name = Products;
			sourceTree = "<group>";
		};
		906E403A16A86A3200817A11 /* Frameworks */ = {
			isa = PBXGroup;
			children = (
				906E403B16A86A3200817A11 /* Foundation.framework */,
			);
			name = Frameworks;
			sourceTree = "<group>";
		};
		906E403D16A86A3200817A11 /* WindowsAzureMessaging */ = {
			isa = PBXGroup;
			children = (
				4C8546F7244F8DE9005F6B49 /* Models */,
				A358370D16AA39850041E372 /* Helpers */,
				A358371616AA39850041E372 /* SBConnectionString.h */,
				A358371716AA39850041E372 /* SBConnectionString.m */,
				A358371816AA39850041E372 /* SBNotificationHub.h */,
				A358371916AA39850041E372 /* SBNotificationHub.m */,
				906E404016A86A3200817A11 /* WindowsAzureMessaging.h */,
				906E403E16A86A3200817A11 /* Supporting Files */,
				4C854703244F9347005F6B49 /* MSNotificationHub.h */,
				4C854705244FD64C005F6B49 /* MSNotificationHub.m */,
				4C854704244F95A7005F6B49 /* MSNotificationHubMessageDelegate.h */,
			);
			path = WindowsAzureMessaging;
			sourceTree = "<group>";
		};
		906E403E16A86A3200817A11 /* Supporting Files */ = {
			isa = PBXGroup;
			children = (
				906E403F16A86A3200817A11 /* WindowsAzureMessaging-Prefix.pch */,
			);
			name = "Supporting Files";
			sourceTree = "<group>";
		};
		A358370D16AA39850041E372 /* Helpers */ = {
			isa = PBXGroup;
			children = (
				929886EF1857FAB100C1676C /* SBStaticHandlerResponse.h */,
				92988747185931DE00C1676C /* SBStaticHandlerResponse.m */,
				A358370E16AA39850041E372 /* SBNotificationHubHelper.h */,
				A358370F16AA39850041E372 /* SBNotificationHubHelper.m */,
				A358371016AA39850041E372 /* SBRegistrationParser.h */,
				A358371116AA39850041E372 /* SBRegistrationParser.m */,
				A358371216AA39850041E372 /* SBTokenProvider.h */,
				A358371316AA39850041E372 /* SBTokenProvider.m */,
				A358371416AA39850041E372 /* SBURLConnection.h */,
				A358371516AA39850041E372 /* SBURLConnection.m */,
				8471C92916EABF5600C73674 /* SBLocalStorage.h */,
				8471C92A16EABF5600C73674 /* SBLocalStorage.m */,
				848CB73A16FCC78E00183E8D /* SBStoredRegistrationEntry.h */,
				848CB73B16FCC78E00183E8D /* SBStoredRegistrationEntry.m */,
				848CB70816FBE52D00183E8D /* SBTemplateRegistration.h */,
				848CB70916FBE52D00183E8D /* SBTemplateRegistration.m */,
				A358371C16AA39850041E372 /* SBRegistration.h */,
				A358371D16AA39850041E372 /* SBRegistration.m */,
			);
			path = Helpers;
			sourceTree = "<group>";
		};
		B3D5D17924579146002E6938 /* Utils */ = {
			isa = PBXGroup;
			children = (
				B3D5D17A2457916D002E6938 /* TestHelper.h */,
				B3D5D17B2457916D002E6938 /* TestHelper.m */,
			);
			path = Utils;
			sourceTree = "<group>";
		};
/* End PBXGroup section */

/* Begin PBXHeadersBuildPhase section */
		35B4DBC622268CB900EAC781 /* Headers */ = {
			isa = PBXHeadersBuildPhase;
			buildActionMask = 2147483647;
			files = (
				B3D5D16A24579011002E6938 /* SBTemplateRegistration.h in Headers */,
				B3D5D16C24579022002E6938 /* SBStoredRegistrationEntry.h in Headers */,
				64B3E0002451A86C006B6327 /* MSInstallation.h in Headers */,
				B3D5D16E2457902D002E6938 /* SBLocalStorage.h in Headers */,
				64B3E0012451A86C006B6327 /* MSInstallationTemplate.h in Headers */,
				64B3E0022451A86C006B6327 /* MSNotificationHubMessage.h in Headers */,
				64B3E0052451A86C006B6327 /* MSNotificationHubMessageDelegate.h in Headers */,
				B3D5D17824579053002E6938 /* SBStaticHandlerResponse.h in Headers */,
				B3D5D16524578FEB002E6938 /* SBNotificationHub.h in Headers */,
				B3D5D16724578FF2002E6938 /* WindowsAzureMessaging.h in Headers */,
				B3D5D16324578FE3002E6938 /* SBConnectionString.h in Headers */,
				B3D5D1762457904C002E6938 /* SBNotificationHubHelper.h in Headers */,
				B3D5D17424579044002E6938 /* SBRegistrationParser.h in Headers */,
				B3D5D1722457903C002E6938 /* SBTokenProvider.h in Headers */,
				B3D5D17024579035002E6938 /* SBURLConnection.h in Headers */,
				64B3E0042451A86C006B6327 /* MSNotificationHub.h in Headers */,
				B3D5D16124578FD2002E6938 /* SBRegistration.h in Headers */,
			);
			runOnlyForDeploymentPostprocessing = 0;
		};
		906E406416A8710700817A11 /* Headers */ = {
			isa = PBXHeadersBuildPhase;
			buildActionMask = 2147483647;
			files = (
				A358373916AA3B060041E372 /* SBConnectionString.h in Headers */,
				A358373A16AA3B080041E372 /* SBNotificationHub.h in Headers */,
				A358373D16AA3B0D0041E372 /* WindowsAzureMessaging.h in Headers */,
				8471C92B16EABF5600C73674 /* SBLocalStorage.h in Headers */,
				A358374016AA3B160041E372 /* SBTokenProvider.h in Headers */,
				A358373C16AA3B0B0041E372 /* SBRegistration.h in Headers */,
				848CB73C16FCC78E00183E8D /* SBStoredRegistrationEntry.h in Headers */,
				A358373E16AA3B120041E372 /* SBNotificationHubHelper.h in Headers */,
				A358374116AA3B190041E372 /* SBURLConnection.h in Headers */,
				848CB70A16FBE52D00183E8D /* SBTemplateRegistration.h in Headers */,
				A358373F16AA3B140041E372 /* SBRegistrationParser.h in Headers */,
				929886F01857FAB100C1676C /* SBStaticHandlerResponse.h in Headers */,
			);
			runOnlyForDeploymentPostprocessing = 0;
		};
/* End PBXHeadersBuildPhase section */

/* Begin PBXNativeTarget section */
		35B4DBCA22268CB900EAC781 /* WindowsAzureMessaging */ = {
			isa = PBXNativeTarget;
			buildConfigurationList = 35B4DBD222268CB900EAC781 /* Build configuration list for PBXNativeTarget "WindowsAzureMessaging" */;
			buildPhases = (
				35B4DBC622268CB900EAC781 /* Headers */,
				35B4DBC722268CB900EAC781 /* Sources */,
				35B4DBC822268CB900EAC781 /* Frameworks */,
				35B4DBC922268CB900EAC781 /* Resources */,
			);
			buildRules = (
			);
			dependencies = (
			);
			name = WindowsAzureMessaging;
			productName = WindowsAzureMessaging;
			productReference = 35B4DBCB22268CB900EAC781 /* WindowsAzureMessaging.framework */;
			productType = "com.apple.product-type.framework";
		};
		4C8546E9244F5D48005F6B49 /* WindowsAzureMessagingTests */ = {
			isa = PBXNativeTarget;
			buildConfigurationList = 4C8546F4244F5D49005F6B49 /* Build configuration list for PBXNativeTarget "WindowsAzureMessagingTests" */;
			buildPhases = (
				4C8546E6244F5D48005F6B49 /* Sources */,
				4C8546E7244F5D48005F6B49 /* Frameworks */,
				4C8546E8244F5D48005F6B49 /* Resources */,
			);
			buildRules = (
			);
			dependencies = (
				B3E112D62457944100FA088F /* PBXTargetDependency */,
			);
			name = WindowsAzureMessagingTests;
			productName = WindowsAzureMessagingTests;
			productReference = 4C8546EA244F5D48005F6B49 /* WindowsAzureMessagingTests.xctest */;
			productType = "com.apple.product-type.bundle.unit-test";
		};
		906E403716A86A3200817A11 /* WindowsAzureMessaging */ = {
			isa = PBXNativeTarget;
			buildConfigurationList = 906E404616A86A3200817A11 /* Build configuration list for PBXNativeTarget "WindowsAzureMessaging" */;
			buildPhases = (
				906E403416A86A3200817A11 /* Sources */,
				906E403516A86A3200817A11 /* Frameworks */,
				906E403616A86A3200817A11 /* CopyFiles */,
				906E406416A8710700817A11 /* Headers */,
				906E406016A86CAE00817A11 /* Prepare Framework */,
			);
			buildRules = (
			);
			dependencies = (
			);
			name = WindowsAzureMessaging;
			productName = WindowsAzureMessaging;
			productReference = 906E403816A86A3200817A11 /* libWindowsAzureMessaging.a */;
			productType = "com.apple.product-type.library.static";
		};
/* End PBXNativeTarget section */

/* Begin PBXProject section */
		906E402F16A86A3200817A11 /* Project object */ = {
			isa = PBXProject;
			attributes = {
				LastUpgradeCheck = 1140;
				ORGANIZATIONNAME = Microsoft;
				TargetAttributes = {
					35B4DBCA22268CB900EAC781 = {
						ProvisioningStyle = Automatic;
					};
					4C8546E9244F5D48005F6B49 = {
						CreatedOnToolsVersion = 11.4.1;
						DevelopmentTeam = S4V3D7CHJR;
						ProvisioningStyle = Automatic;
					};
				};
			};
			buildConfigurationList = 906E403216A86A3200817A11 /* Build configuration list for PBXProject "WindowsAzureMessaging" */;
			compatibilityVersion = "Xcode 3.2";
			developmentRegion = en;
			hasScannedForEncodings = 0;
			knownRegions = (
				en,
				Base,
			);
			mainGroup = 906E402D16A86A3200817A11;
			productRefGroup = 906E403916A86A3200817A11 /* Products */;
			projectDirPath = "";
			projectRoot = "";
			targets = (
				906E406D16A8851E00817A11 /* Framework */,
				906E403716A86A3200817A11 /* WindowsAzureMessaging */,
				35B4DBCA22268CB900EAC781 /* WindowsAzureMessaging */,
				4C8546E9244F5D48005F6B49 /* WindowsAzureMessagingTests */,
			);
		};
/* End PBXProject section */

/* Begin PBXResourcesBuildPhase section */
		35B4DBC922268CB900EAC781 /* Resources */ = {
			isa = PBXResourcesBuildPhase;
			buildActionMask = 2147483647;
			files = (
			);
			runOnlyForDeploymentPostprocessing = 0;
		};
		4C8546E8244F5D48005F6B49 /* Resources */ = {
			isa = PBXResourcesBuildPhase;
			buildActionMask = 2147483647;
			files = (
			);
			runOnlyForDeploymentPostprocessing = 0;
		};
/* End PBXResourcesBuildPhase section */

/* Begin PBXShellScriptBuildPhase section */
		906E406016A86CAE00817A11 /* Prepare Framework */ = {
			isa = PBXShellScriptBuildPhase;
			buildActionMask = 2147483647;
			files = (
			);
			inputPaths = (
			);
			name = "Prepare Framework";
			outputPaths = (
			);
			runOnlyForDeploymentPostprocessing = 0;
			shellPath = /bin/sh;
			shellScript = "set -e\n\nmkdir -p \"${BUILT_PRODUCTS_DIR}/${PRODUCT_NAME}.framework/Versions/A/Headers\"\n\n# Link the \"Current\" version to \"A\"\n/bin/ln -sfh A \"${BUILT_PRODUCTS_DIR}/${PRODUCT_NAME}.framework/Versions/Current\"\n/bin/ln -sfh Versions/Current/Headers \"${BUILT_PRODUCTS_DIR}/${PRODUCT_NAME}.framework/Headers\"\n/bin/ln -sfh \"Versions/Current/${PRODUCT_NAME}\" \"${BUILT_PRODUCTS_DIR}/${PRODUCT_NAME}.framework/${PRODUCT_NAME}\"\n\n# The -a ensures that the headers maintain the source modification date so that we don't constantly\n# cause propagating rebuilds of files that import these headers.\n/bin/cp -a \"${TARGET_BUILD_DIR}/${PUBLIC_HEADERS_FOLDER_PATH}/\" \"${BUILT_PRODUCTS_DIR}/${PRODUCT_NAME}.framework/Versions/A/Headers\"";
		};
		906E407316A8853F00817A11 /* Build other platforms */ = {
			isa = PBXShellScriptBuildPhase;
			buildActionMask = 2147483647;
			files = (
			);
			inputPaths = (
			);
			name = "Build other platforms";
			outputPaths = (
			);
			runOnlyForDeploymentPostprocessing = 0;
			shellPath = /bin/sh;
			shellScript = "set -e\nset +u\n# Avoid recursively calling this script.\nif [[ $SF_MASTER_SCRIPT_RUNNING ]]\nthen\nexit 0\nfi\nset -u\nexport SF_MASTER_SCRIPT_RUNNING=1\n\nSF_TARGET_NAME=${PROJECT_NAME}\nSF_EXECUTABLE_PATH=\"lib${SF_TARGET_NAME}.a\"\nSF_WRAPPER_NAME=\"${SF_TARGET_NAME}.framework\"\n\n# The following conditionals come from\n# https://github.com/kstenerud/iOS-Universal-Framework\n\nif [[ \"$SDK_NAME\" =~ ([A-Za-z]+) ]]\nthen\nSF_SDK_PLATFORM=${BASH_REMATCH[1]}\nelse\necho \"Could not find platform name from SDK_NAME: $SDK_NAME\"\nexit 1\nfi\n\nif [[ \"$SDK_NAME\" =~ ([0-9]+.*$) ]]\nthen\nSF_SDK_VERSION=${BASH_REMATCH[1]}\nelse\necho \"Could not find sdk version from SDK_NAME: $SDK_NAME\"\nexit 1\nfi\n\nif [[ \"$SF_SDK_PLATFORM\" = \"iphoneos\" ]]\nthen\nSF_OTHER_PLATFORM=iphonesimulator\n\nOTHER_ARCH=\"i386 x86_64\"\nelse\nSF_OTHER_PLATFORM=iphoneos\n\nOTHER_ARCH=\"arm64 armv7 armv7s\"\nfi\n\nif [[ \"$BUILT_PRODUCTS_DIR\" =~ (.*)$SF_SDK_PLATFORM$ ]]\nthen\nSF_OTHER_BUILT_PRODUCTS_DIR=\"${BASH_REMATCH[1]}${SF_OTHER_PLATFORM}\"\nelse\necho \"Could not find platform name from build products directory: $BUILT_PRODUCTS_DIR\"\nexit 1\nfi\n\n# Build the other platform.\nxcodebuild -project \"${PROJECT_FILE_PATH}\" -target \"${TARGET_NAME}\" -configuration \"${CONFIGURATION}\" -sdk ${SF_OTHER_PLATFORM}${SF_SDK_VERSION} BUILD_DIR=\"${BUILD_DIR}\" OBJROOT=\"${OBJROOT}/DependentBuilds\" BUILD_ROOT=\"${BUILD_ROOT}\" SYMROOT=\"${SYMROOT}\" $ACTION\n\n# Smash the two static libraries into one fat binary and store it in the .framework\nlipo -create \"${BUILT_PRODUCTS_DIR}/${SF_EXECUTABLE_PATH}\" \"${SF_OTHER_BUILT_PRODUCTS_DIR}/${SF_EXECUTABLE_PATH}\" -output \"${BUILT_PRODUCTS_DIR}/${SF_WRAPPER_NAME}/Versions/A/${SF_TARGET_NAME}\"\n\n# Copy the binary to the other architecture folder to have a complete framework in both.\ncp -a \"${BUILT_PRODUCTS_DIR}/${SF_WRAPPER_NAME}/Versions/A/${SF_TARGET_NAME}\" \"${SF_OTHER_BUILT_PRODUCTS_DIR}/${SF_WRAPPER_NAME}/Versions/A/${SF_TARGET_NAME}\"";
		};
/* End PBXShellScriptBuildPhase section */

/* Begin PBXSourcesBuildPhase section */
		35B4DBC722268CB900EAC781 /* Sources */ = {
			isa = PBXSourcesBuildPhase;
			buildActionMask = 2147483647;
			files = (
				B3D5D17324579041002E6938 /* SBRegistrationParser.m in Sources */,
				B3D5D1692457900C002E6938 /* SBTemplateRegistration.m in Sources */,
				B3D5D17724579051002E6938 /* SBStaticHandlerResponse.m in Sources */,
				B3D5D16B2457901F002E6938 /* SBStoredRegistrationEntry.m in Sources */,
				B3D5D17524579049002E6938 /* SBNotificationHubHelper.m in Sources */,
				B3D5D16224578FD7002E6938 /* SBRegistration.m in Sources */,
				B3D5D16624578FEF002E6938 /* SBNotificationHub.m in Sources */,
				B3D5D16F24579032002E6938 /* SBURLConnection.m in Sources */,
				B3D5D16D2457902A002E6938 /* SBLocalStorage.m in Sources */,
				B3D5D16424578FE7002E6938 /* SBConnectionString.m in Sources */,
				B3D5D1712457903A002E6938 /* SBTokenProvider.m in Sources */,
				4C854707244FD64C005F6B49 /* MSNotificationHub.m in Sources */,
			);
			runOnlyForDeploymentPostprocessing = 0;
		};
		4C8546E6244F5D48005F6B49 /* Sources */ = {
			isa = PBXSourcesBuildPhase;
			buildActionMask = 2147483647;
			files = (
				4C8546ED244F5D48005F6B49 /* WindowsAzureMessagingTests.m in Sources */,
				B3D5D17E2457916D002E6938 /* TestHelper.m in Sources */,
			);
			runOnlyForDeploymentPostprocessing = 0;
		};
		906E403416A86A3200817A11 /* Sources */ = {
			isa = PBXSourcesBuildPhase;
			buildActionMask = 2147483647;
			files = (
				A358374216AA3B1B0041E372 /* SBNotificationHubHelper.m in Sources */,
				A358374316AA3B1D0041E372 /* SBRegistrationParser.m in Sources */,
				A358374516AA3B1F0041E372 /* SBURLConnection.m in Sources */,
				A358374716AA3B220041E372 /* SBNotificationHub.m in Sources */,
				4C854706244FD64C005F6B49 /* MSNotificationHub.m in Sources */,
				A358374916AA3B250041E372 /* SBRegistration.m in Sources */,
				A358374616AA3B210041E372 /* SBConnectionString.m in Sources */,
				A358374416AA3B1E0041E372 /* SBTokenProvider.m in Sources */,
				8471C92C16EABF5600C73674 /* SBLocalStorage.m in Sources */,
				848CB73D16FCC78E00183E8D /* SBStoredRegistrationEntry.m in Sources */,
				848CB70B16FBE52D00183E8D /* SBTemplateRegistration.m in Sources */,
				92988748185931DE00C1676C /* SBStaticHandlerResponse.m in Sources */,
			);
			runOnlyForDeploymentPostprocessing = 0;
		};
/* End PBXSourcesBuildPhase section */

/* Begin PBXTargetDependency section */
		906E407216A8853000817A11 /* PBXTargetDependency */ = {
			isa = PBXTargetDependency;
			target = 906E403716A86A3200817A11 /* WindowsAzureMessaging */;
			targetProxy = 906E407116A8853000817A11 /* PBXContainerItemProxy */;
		};
		B3E112D62457944100FA088F /* PBXTargetDependency */ = {
			isa = PBXTargetDependency;
			target = 35B4DBCA22268CB900EAC781 /* WindowsAzureMessaging */;
			targetProxy = B3E112D52457944100FA088F /* PBXContainerItemProxy */;
		};
/* End PBXTargetDependency section */

/* Begin XCBuildConfiguration section */
		35B4DBD022268CB900EAC781 /* Debug */ = {
			isa = XCBuildConfiguration;
			buildSettings = {
				CLANG_ANALYZER_NONNULL = YES;
				CLANG_ANALYZER_NUMBER_OBJECT_CONVERSION = YES_AGGRESSIVE;
				CLANG_CXX_LANGUAGE_STANDARD = "gnu++14";
				CLANG_CXX_LIBRARY = "libc++";
				CLANG_ENABLE_MODULES = YES;
				CLANG_ENABLE_OBJC_WEAK = YES;
				CLANG_WARN_BLOCK_CAPTURE_AUTORELEASING = YES;
				CLANG_WARN_COMMA = YES;
				CLANG_WARN_DEPRECATED_OBJC_IMPLEMENTATIONS = YES;
				CLANG_WARN_DIRECT_OBJC_ISA_USAGE = YES_ERROR;
				CLANG_WARN_DOCUMENTATION_COMMENTS = YES;
				CLANG_WARN_INFINITE_RECURSION = YES;
				CLANG_WARN_NON_LITERAL_NULL_CONVERSION = YES;
				CLANG_WARN_OBJC_IMPLICIT_RETAIN_SELF = YES;
				CLANG_WARN_OBJC_LITERAL_CONVERSION = YES;
				CLANG_WARN_OBJC_ROOT_CLASS = YES_ERROR;
				CLANG_WARN_RANGE_LOOP_ANALYSIS = YES;
				CLANG_WARN_STRICT_PROTOTYPES = YES;
				CLANG_WARN_SUSPICIOUS_MOVE = YES;
				CLANG_WARN_UNGUARDED_AVAILABILITY = YES_AGGRESSIVE;
				CLANG_WARN_UNREACHABLE_CODE = YES;
				CODE_SIGN_IDENTITY = "";
				CODE_SIGN_STYLE = Automatic;
				CURRENT_PROJECT_VERSION = 1;
				DEBUG_INFORMATION_FORMAT = dwarf;
				DEFINES_MODULE = YES;
				DYLIB_COMPATIBILITY_VERSION = 1;
				DYLIB_CURRENT_VERSION = 1;
				DYLIB_INSTALL_NAME_BASE = "@rpath";
				ENABLE_STRICT_OBJC_MSGSEND = YES;
				ENABLE_TESTABILITY = YES;
				GCC_C_LANGUAGE_STANDARD = gnu11;
				GCC_NO_COMMON_BLOCKS = YES;
				GCC_PREFIX_HEADER = "WindowsAzureMessaging/WindowsAzureMessaging-Prefix.pch";
				GCC_WARN_ABOUT_RETURN_TYPE = YES_ERROR;
				GCC_WARN_UNINITIALIZED_AUTOS = YES_AGGRESSIVE;
				INSTALL_PATH = "$(LOCAL_LIBRARY_DIR)/Frameworks";
				IPHONEOS_DEPLOYMENT_TARGET = 8.0;
				LD_RUNPATH_SEARCH_PATHS = "$(inherited) @executable_path/Frameworks @loader_path/Frameworks";
				MTL_ENABLE_DEBUG_INFO = INCLUDE_SOURCE;
				MTL_FAST_MATH = YES;
				PRODUCT_NAME = "$(TARGET_NAME:c99extidentifier)";
				SKIP_INSTALL = YES;
				TARGETED_DEVICE_FAMILY = "1,2";
				VERSIONING_SYSTEM = "apple-generic";
				VERSION_INFO_PREFIX = "";
			};
			name = Debug;
		};
		35B4DBD122268CB900EAC781 /* Release */ = {
			isa = XCBuildConfiguration;
			buildSettings = {
				CLANG_ANALYZER_NONNULL = YES;
				CLANG_ANALYZER_NUMBER_OBJECT_CONVERSION = YES_AGGRESSIVE;
				CLANG_CXX_LANGUAGE_STANDARD = "gnu++14";
				CLANG_CXX_LIBRARY = "libc++";
				CLANG_ENABLE_MODULES = YES;
				CLANG_ENABLE_OBJC_WEAK = YES;
				CLANG_WARN_BLOCK_CAPTURE_AUTORELEASING = YES;
				CLANG_WARN_COMMA = YES;
				CLANG_WARN_DEPRECATED_OBJC_IMPLEMENTATIONS = YES;
				CLANG_WARN_DIRECT_OBJC_ISA_USAGE = YES_ERROR;
				CLANG_WARN_DOCUMENTATION_COMMENTS = YES;
				CLANG_WARN_INFINITE_RECURSION = YES;
				CLANG_WARN_NON_LITERAL_NULL_CONVERSION = YES;
				CLANG_WARN_OBJC_IMPLICIT_RETAIN_SELF = YES;
				CLANG_WARN_OBJC_LITERAL_CONVERSION = YES;
				CLANG_WARN_OBJC_ROOT_CLASS = YES_ERROR;
				CLANG_WARN_RANGE_LOOP_ANALYSIS = YES;
				CLANG_WARN_STRICT_PROTOTYPES = YES;
				CLANG_WARN_SUSPICIOUS_MOVE = YES;
				CLANG_WARN_UNGUARDED_AVAILABILITY = YES_AGGRESSIVE;
				CLANG_WARN_UNREACHABLE_CODE = YES;
				CODE_SIGN_IDENTITY = "";
				CODE_SIGN_STYLE = Automatic;
				COPY_PHASE_STRIP = NO;
				CURRENT_PROJECT_VERSION = 1;
				DEBUG_INFORMATION_FORMAT = "dwarf-with-dsym";
				DEFINES_MODULE = YES;
				DYLIB_COMPATIBILITY_VERSION = 1;
				DYLIB_CURRENT_VERSION = 1;
				DYLIB_INSTALL_NAME_BASE = "@rpath";
				ENABLE_NS_ASSERTIONS = NO;
				ENABLE_STRICT_OBJC_MSGSEND = YES;
				GCC_C_LANGUAGE_STANDARD = gnu11;
				GCC_NO_COMMON_BLOCKS = YES;
				GCC_PREFIX_HEADER = "WindowsAzureMessaging/WindowsAzureMessaging-Prefix.pch";
				GCC_WARN_ABOUT_RETURN_TYPE = YES_ERROR;
				GCC_WARN_UNINITIALIZED_AUTOS = YES_AGGRESSIVE;
				INSTALL_PATH = "$(LOCAL_LIBRARY_DIR)/Frameworks";
				IPHONEOS_DEPLOYMENT_TARGET = 8.0;
				LD_RUNPATH_SEARCH_PATHS = "$(inherited) @executable_path/Frameworks @loader_path/Frameworks";
				MTL_ENABLE_DEBUG_INFO = NO;
				MTL_FAST_MATH = YES;
				PRODUCT_NAME = "$(TARGET_NAME:c99extidentifier)";
				SKIP_INSTALL = YES;
				TARGETED_DEVICE_FAMILY = "1,2";
				VERSIONING_SYSTEM = "apple-generic";
				VERSION_INFO_PREFIX = "";
			};
			name = Release;
		};
		4C8546F2244F5D48005F6B49 /* Debug */ = {
			isa = XCBuildConfiguration;
			buildSettings = {
				CLANG_ANALYZER_NONNULL = YES;
				CLANG_ANALYZER_NUMBER_OBJECT_CONVERSION = YES_AGGRESSIVE;
				CLANG_CXX_LANGUAGE_STANDARD = "gnu++14";
				CLANG_CXX_LIBRARY = "libc++";
				CLANG_ENABLE_MODULES = YES;
				CLANG_ENABLE_OBJC_WEAK = YES;
				CLANG_WARN_BLOCK_CAPTURE_AUTORELEASING = YES;
				CLANG_WARN_COMMA = YES;
				CLANG_WARN_DEPRECATED_OBJC_IMPLEMENTATIONS = YES;
				CLANG_WARN_DIRECT_OBJC_ISA_USAGE = YES_ERROR;
				CLANG_WARN_DOCUMENTATION_COMMENTS = YES;
				CLANG_WARN_INFINITE_RECURSION = YES;
				CLANG_WARN_NON_LITERAL_NULL_CONVERSION = YES;
				CLANG_WARN_OBJC_IMPLICIT_RETAIN_SELF = YES;
				CLANG_WARN_OBJC_LITERAL_CONVERSION = YES;
				CLANG_WARN_OBJC_ROOT_CLASS = YES_ERROR;
				CLANG_WARN_RANGE_LOOP_ANALYSIS = YES;
				CLANG_WARN_STRICT_PROTOTYPES = YES;
				CLANG_WARN_SUSPICIOUS_MOVE = YES;
				CLANG_WARN_UNGUARDED_AVAILABILITY = YES_AGGRESSIVE;
				CLANG_WARN_UNREACHABLE_CODE = YES;
				CODE_SIGN_STYLE = Automatic;
				DEBUG_INFORMATION_FORMAT = dwarf;
				DEVELOPMENT_TEAM = S4V3D7CHJR;
				ENABLE_STRICT_OBJC_MSGSEND = YES;
				ENABLE_TESTABILITY = YES;
				GCC_C_LANGUAGE_STANDARD = gnu11;
				GCC_NO_COMMON_BLOCKS = YES;
				GCC_WARN_ABOUT_RETURN_TYPE = YES_ERROR;
				GCC_WARN_UNINITIALIZED_AUTOS = YES_AGGRESSIVE;
				INFOPLIST_FILE = WindowsAzureMessagingTests/Info.plist;
				IPHONEOS_DEPLOYMENT_TARGET = 13.4;
				LD_RUNPATH_SEARCH_PATHS = "$(inherited) @executable_path/Frameworks @loader_path/Frameworks";
				MTL_ENABLE_DEBUG_INFO = INCLUDE_SOURCE;
				MTL_FAST_MATH = YES;
				PRODUCT_BUNDLE_IDENTIFIER = com.microsoft.WindowsAzureMessagingTests;
				PRODUCT_NAME = "$(TARGET_NAME)";
				TARGETED_DEVICE_FAMILY = "1,2";
			};
			name = Debug;
		};
		4C8546F3244F5D48005F6B49 /* Release */ = {
			isa = XCBuildConfiguration;
			buildSettings = {
				CLANG_ANALYZER_NONNULL = YES;
				CLANG_ANALYZER_NUMBER_OBJECT_CONVERSION = YES_AGGRESSIVE;
				CLANG_CXX_LANGUAGE_STANDARD = "gnu++14";
				CLANG_CXX_LIBRARY = "libc++";
				CLANG_ENABLE_MODULES = YES;
				CLANG_ENABLE_OBJC_WEAK = YES;
				CLANG_WARN_BLOCK_CAPTURE_AUTORELEASING = YES;
				CLANG_WARN_COMMA = YES;
				CLANG_WARN_DEPRECATED_OBJC_IMPLEMENTATIONS = YES;
				CLANG_WARN_DIRECT_OBJC_ISA_USAGE = YES_ERROR;
				CLANG_WARN_DOCUMENTATION_COMMENTS = YES;
				CLANG_WARN_INFINITE_RECURSION = YES;
				CLANG_WARN_NON_LITERAL_NULL_CONVERSION = YES;
				CLANG_WARN_OBJC_IMPLICIT_RETAIN_SELF = YES;
				CLANG_WARN_OBJC_LITERAL_CONVERSION = YES;
				CLANG_WARN_OBJC_ROOT_CLASS = YES_ERROR;
				CLANG_WARN_RANGE_LOOP_ANALYSIS = YES;
				CLANG_WARN_STRICT_PROTOTYPES = YES;
				CLANG_WARN_SUSPICIOUS_MOVE = YES;
				CLANG_WARN_UNGUARDED_AVAILABILITY = YES_AGGRESSIVE;
				CLANG_WARN_UNREACHABLE_CODE = YES;
				CODE_SIGN_STYLE = Automatic;
				COPY_PHASE_STRIP = NO;
				DEBUG_INFORMATION_FORMAT = "dwarf-with-dsym";
				DEVELOPMENT_TEAM = S4V3D7CHJR;
				ENABLE_NS_ASSERTIONS = NO;
				ENABLE_STRICT_OBJC_MSGSEND = YES;
				GCC_C_LANGUAGE_STANDARD = gnu11;
				GCC_NO_COMMON_BLOCKS = YES;
				GCC_WARN_ABOUT_RETURN_TYPE = YES_ERROR;
				GCC_WARN_UNINITIALIZED_AUTOS = YES_AGGRESSIVE;
				INFOPLIST_FILE = WindowsAzureMessagingTests/Info.plist;
				IPHONEOS_DEPLOYMENT_TARGET = 13.4;
				LD_RUNPATH_SEARCH_PATHS = "$(inherited) @executable_path/Frameworks @loader_path/Frameworks";
				MTL_ENABLE_DEBUG_INFO = NO;
				MTL_FAST_MATH = YES;
				PRODUCT_BUNDLE_IDENTIFIER = com.microsoft.WindowsAzureMessagingTests;
				PRODUCT_NAME = "$(TARGET_NAME)";
				TARGETED_DEVICE_FAMILY = "1,2";
			};
			name = Release;
		};
		906E404416A86A3200817A11 /* Debug */ = {
			isa = XCBuildConfiguration;
			buildSettings = {
				ALWAYS_SEARCH_USER_PATHS = NO;
				CLANG_CXX_LANGUAGE_STANDARD = "gnu++0x";
				CLANG_ENABLE_OBJC_ARC = YES;
				CLANG_WARN_BLOCK_CAPTURE_AUTORELEASING = YES;
				CLANG_WARN_BOOL_CONVERSION = YES;
				CLANG_WARN_COMMA = YES;
				CLANG_WARN_CONSTANT_CONVERSION = YES;
				CLANG_WARN_DEPRECATED_OBJC_IMPLEMENTATIONS = YES;
				CLANG_WARN_EMPTY_BODY = YES;
				CLANG_WARN_ENUM_CONVERSION = YES;
				CLANG_WARN_INFINITE_RECURSION = YES;
				CLANG_WARN_INT_CONVERSION = YES;
				CLANG_WARN_NON_LITERAL_NULL_CONVERSION = YES;
				CLANG_WARN_OBJC_IMPLICIT_RETAIN_SELF = YES;
				CLANG_WARN_OBJC_LITERAL_CONVERSION = YES;
				CLANG_WARN_RANGE_LOOP_ANALYSIS = YES;
				CLANG_WARN_STRICT_PROTOTYPES = YES;
				CLANG_WARN_SUSPICIOUS_MOVE = YES;
				CLANG_WARN_UNREACHABLE_CODE = YES;
				CLANG_WARN__DUPLICATE_METHOD_MATCH = YES;
				COPY_PHASE_STRIP = NO;
				ENABLE_STRICT_OBJC_MSGSEND = YES;
				ENABLE_TESTABILITY = YES;
				GCC_C_LANGUAGE_STANDARD = gnu99;
				GCC_DYNAMIC_NO_PIC = NO;
				GCC_NO_COMMON_BLOCKS = YES;
				GCC_OPTIMIZATION_LEVEL = 0;
				GCC_PREPROCESSOR_DEFINITIONS = (
					"DEBUG=1",
					"$(inherited)",
				);
				GCC_SYMBOLS_PRIVATE_EXTERN = NO;
				GCC_VERSION = com.apple.compilers.llvm.clang.1_0;
				GCC_WARN_64_TO_32_BIT_CONVERSION = YES;
				GCC_WARN_ABOUT_RETURN_TYPE = YES;
				GCC_WARN_UNDECLARED_SELECTOR = YES;
				GCC_WARN_UNINITIALIZED_AUTOS = YES;
				GCC_WARN_UNUSED_FUNCTION = YES;
				GCC_WARN_UNUSED_VARIABLE = YES;
				IPHONEOS_DEPLOYMENT_TARGET = 8.0;
				ONLY_ACTIVE_ARCH = YES;
				OTHER_CFLAGS = "-fembed-bitcode-marker";
				SDKROOT = iphoneos;
			};
			name = Debug;
		};
		906E404516A86A3200817A11 /* Release */ = {
			isa = XCBuildConfiguration;
			buildSettings = {
				ALWAYS_SEARCH_USER_PATHS = NO;
				CLANG_CXX_LANGUAGE_STANDARD = "gnu++0x";
				CLANG_ENABLE_OBJC_ARC = YES;
				CLANG_WARN_BLOCK_CAPTURE_AUTORELEASING = YES;
				CLANG_WARN_BOOL_CONVERSION = YES;
				CLANG_WARN_COMMA = YES;
				CLANG_WARN_CONSTANT_CONVERSION = YES;
				CLANG_WARN_DEPRECATED_OBJC_IMPLEMENTATIONS = YES;
				CLANG_WARN_EMPTY_BODY = YES;
				CLANG_WARN_ENUM_CONVERSION = YES;
				CLANG_WARN_INFINITE_RECURSION = YES;
				CLANG_WARN_INT_CONVERSION = YES;
				CLANG_WARN_NON_LITERAL_NULL_CONVERSION = YES;
				CLANG_WARN_OBJC_IMPLICIT_RETAIN_SELF = YES;
				CLANG_WARN_OBJC_LITERAL_CONVERSION = YES;
				CLANG_WARN_RANGE_LOOP_ANALYSIS = YES;
				CLANG_WARN_STRICT_PROTOTYPES = YES;
				CLANG_WARN_SUSPICIOUS_MOVE = YES;
				CLANG_WARN_UNREACHABLE_CODE = YES;
				CLANG_WARN__DUPLICATE_METHOD_MATCH = YES;
				COPY_PHASE_STRIP = YES;
				ENABLE_STRICT_OBJC_MSGSEND = YES;
				GCC_C_LANGUAGE_STANDARD = gnu99;
				GCC_NO_COMMON_BLOCKS = YES;
				GCC_VERSION = com.apple.compilers.llvm.clang.1_0;
				GCC_WARN_64_TO_32_BIT_CONVERSION = YES;
				GCC_WARN_ABOUT_RETURN_TYPE = YES;
				GCC_WARN_UNDECLARED_SELECTOR = YES;
				GCC_WARN_UNINITIALIZED_AUTOS = YES;
				GCC_WARN_UNUSED_FUNCTION = YES;
				GCC_WARN_UNUSED_VARIABLE = YES;
				IPHONEOS_DEPLOYMENT_TARGET = 8.0;
				OTHER_CFLAGS = "-fembed-bitcode";
				SDKROOT = iphoneos;
				VALIDATE_PRODUCT = YES;
			};
			name = Release;
		};
		906E404716A86A3200817A11 /* Debug */ = {
			isa = XCBuildConfiguration;
			buildSettings = {
				DSTROOT = /tmp/WindowsAzureMessaging.dst;
				GCC_PRECOMPILE_PREFIX_HEADER = YES;
				GCC_PREFIX_HEADER = "WindowsAzureMessaging/WindowsAzureMessaging-Prefix.pch";
				OTHER_CFLAGS = "-fembed-bitcode-marker";
				OTHER_LDFLAGS = "-ObjC";
				PRODUCT_NAME = "$(TARGET_NAME)";
				PUBLIC_HEADERS_FOLDER_PATH = "$(PROJECT_NAME)Headers";
				SKIP_INSTALL = YES;
			};
			name = Debug;
		};
		906E404816A86A3200817A11 /* Release */ = {
			isa = XCBuildConfiguration;
			buildSettings = {
				DSTROOT = /tmp/WindowsAzureMessaging.dst;
				GCC_PRECOMPILE_PREFIX_HEADER = YES;
				GCC_PREFIX_HEADER = "WindowsAzureMessaging/WindowsAzureMessaging-Prefix.pch";
				OTHER_CFLAGS = "-fembed-bitcode";
				OTHER_LDFLAGS = "-ObjC";
				PRODUCT_NAME = "$(TARGET_NAME)";
				PUBLIC_HEADERS_FOLDER_PATH = "$(PROJECT_NAME)Headers";
				SKIP_INSTALL = YES;
			};
			name = Release;
		};
		906E406F16A8851E00817A11 /* Debug */ = {
			isa = XCBuildConfiguration;
			buildSettings = {
				IPHONEOS_DEPLOYMENT_TARGET = 8.0;
				OTHER_CFLAGS = "-fembed-bitcode-marker";
				PRODUCT_NAME = "$(TARGET_NAME)";
			};
			name = Debug;
		};
		906E407016A8851E00817A11 /* Release */ = {
			isa = XCBuildConfiguration;
			buildSettings = {
				IPHONEOS_DEPLOYMENT_TARGET = 8.0;
				OTHER_CFLAGS = "-fembed-bitcode";
				PRODUCT_NAME = "$(TARGET_NAME)";
			};
			name = Release;
		};
/* End XCBuildConfiguration section */

/* Begin XCConfigurationList section */
		35B4DBD222268CB900EAC781 /* Build configuration list for PBXNativeTarget "WindowsAzureMessaging" */ = {
			isa = XCConfigurationList;
			buildConfigurations = (
				35B4DBD022268CB900EAC781 /* Debug */,
				35B4DBD122268CB900EAC781 /* Release */,
			);
			defaultConfigurationIsVisible = 0;
			defaultConfigurationName = Release;
		};
		4C8546F4244F5D49005F6B49 /* Build configuration list for PBXNativeTarget "WindowsAzureMessagingTests" */ = {
			isa = XCConfigurationList;
			buildConfigurations = (
				4C8546F2244F5D48005F6B49 /* Debug */,
				4C8546F3244F5D48005F6B49 /* Release */,
			);
			defaultConfigurationIsVisible = 0;
			defaultConfigurationName = Release;
		};
		906E403216A86A3200817A11 /* Build configuration list for PBXProject "WindowsAzureMessaging" */ = {
			isa = XCConfigurationList;
			buildConfigurations = (
				906E404416A86A3200817A11 /* Debug */,
				906E404516A86A3200817A11 /* Release */,
			);
			defaultConfigurationIsVisible = 0;
			defaultConfigurationName = Release;
		};
		906E404616A86A3200817A11 /* Build configuration list for PBXNativeTarget "WindowsAzureMessaging" */ = {
			isa = XCConfigurationList;
			buildConfigurations = (
				906E404716A86A3200817A11 /* Debug */,
				906E404816A86A3200817A11 /* Release */,
			);
			defaultConfigurationIsVisible = 0;
			defaultConfigurationName = Release;
		};
		906E406E16A8851E00817A11 /* Build configuration list for PBXAggregateTarget "Framework" */ = {
			isa = XCConfigurationList;
			buildConfigurations = (
				906E406F16A8851E00817A11 /* Debug */,
				906E407016A8851E00817A11 /* Release */,
			);
			defaultConfigurationIsVisible = 0;
			defaultConfigurationName = Release;
		};
/* End XCConfigurationList section */
	};
	rootObject = 906E402F16A86A3200817A11 /* Project object */;
}
